
Microsoft Visual Studio Solution File, Format Version 12.00
# Visual Studio 15
Project("{FAE04EC0-301F-11D3-BF4B-00C04F79EFBC}") = "Carlson_Alicia_DatabaseReview", "Carlson_Alicia_DatabaseReview\Carlson_Alicia_DatabaseReview.csproj", "{77A6237B-29CB-47F0-B21E-A29280D1F4D5}"
EndProject
Global
	GlobalSection(SolutionConfigurationPlatforms) = preSolution
		Debug|Any CPU = Debug|Any CPU
		Release|Any CPU = Release|Any CPU
	EndGlobalSection
	GlobalSection(ProjectConfigurationPlatforms) = postSolution
		{77A6237B-29CB-47F0-B21E-A29280D1F4D5}.Debug|Any CPU.ActiveCfg = Debug|Any CPU
		{77A6237B-29CB-47F0-B21E-A29280D1F4D5}.Debug|Any CPU.Build.0 = Debug|Any CPU
		{77A6237B-29CB-47F0-B21E-A29280D1F4D5}.Release|Any CPU.ActiveCfg = Release|Any CPU
		{77A6237B-29CB-47F0-B21E-A29280D1F4D5}.Release|Any CPU.Build.0 = Release|Any CPU
	EndGlobalSection
EndGlobal
