
Microsoft Visual Studio Solution File, Format Version 12.00
# Visual Studio 15
Project("{FAE04EC0-301F-11D3-BF4B-00C04F79EFBC}") = "Velasco_Alicia_Conditionals", "Velasco_Alicia_Conditionals\Velasco_Alicia_Conditionals.csproj", "{9FFB84F1-2035-450F-93C0-74F2D4D03767}"
EndProject
Global
	GlobalSection(SolutionConfigurationPlatforms) = preSolution
		Debug|Any CPU = Debug|Any CPU
		Release|Any CPU = Release|Any CPU
	EndGlobalSection
	GlobalSection(ProjectConfigurationPlatforms) = postSolution
		{9FFB84F1-2035-450F-93C0-74F2D4D03767}.Debug|Any CPU.ActiveCfg = Debug|Any CPU
		{9FFB84F1-2035-450F-93C0-74F2D4D03767}.Debug|Any CPU.Build.0 = Debug|Any CPU
		{9FFB84F1-2035-450F-93C0-74F2D4D03767}.Release|Any CPU.ActiveCfg = Release|Any CPU
		{9FFB84F1-2035-450F-93C0-74F2D4D03767}.Release|Any CPU.Build.0 = Release|Any CPU
	EndGlobalSection
EndGlobal
